{
  "name": "yasgui-geo-tg",
  "version": "0.0.1",
  "lockfileVersion": 3,
  "requires": true,
  "packages": {
    "": {
      "name": "yasgui-geo-tg",
      "version": "0.0.1",
      "license": "MIT",
      "dependencies": {
        "betterknown": "^1.1.1",
        "leaflet": "^1.9.4",
        "proj4": "^2.20.2"
      }
    },
    "node_modules/@types/geojson": {
      "version": "7946.0.16",
      "resolved": "https://registry.npmjs.org/@types/geojson/-/geojson-7946.0.16.tgz",
      "integrity": "sha512-6C8nqWur3j98U6+lXDfTUWIfgvZU+EumvpHKcYjujKH7woYyLj2sUmff0tRhrqM7BohUw7Pz3ZB1jj2gW9Fvmg==",
      "license": "MIT"
    },
    "node_modules/betterknown": {
      "version": "1.1.1",
      "resolved": "https://registry.npmjs.org/betterknown/-/betterknown-1.1.1.tgz",
      "integrity": "sha512-2O0q94eVhzdhCAaL0JuT7izWmB7RdZi9ajM2rJ5bEyfLGNya4a8esldHjWqT8zY7VXV8/0FoFFvBZbB6E7Z0QQ==",
      "license": "MIT",
      "dependencies": {
        "@types/geojson": "^7946.0.16"
      }
    },
    "node_modules/leaflet": {
      "version": "1.9.4",
      "resolved": "https://registry.npmjs.org/leaflet/-/leaflet-1.9.4.tgz",
      "integrity": "sha512-nxS1ynzJOmOlHp+iL3FyWqK89GtNL8U8rvlMOsQdTTssxZwCXh8N2NB3GDQOL+YR3XnWyZAxwQixURb+FA74PA==",
      "license": "BSD-2-Clause"
    },
    "node_modules/mgrs": {
      "version": "1.0.0",
      "resolved": "https://registry.npmjs.org/mgrs/-/mgrs-1.0.0.tgz",
      "integrity": "sha512-awNbTOqCxK1DBGjalK3xqWIstBZgN6fxsMSiXLs9/spqWkF2pAhb2rrYCFSsr1/tT7PhcDGjZndG8SWYn0byYA==",
      "license": "MIT"
    },
    "node_modules/proj4": {
      "version": "2.20.2",
      "resolved": "https://registry.npmjs.org/proj4/-/proj4-2.20.2.tgz",
      "integrity": "sha512-ipfBRfQly0HhHTO7hnC1GfaX8bvroO7VV4KH889ehmADSE8C/qzp2j+Jj6783S9Tj6c2qX/hhYm7oH0kgXzBAA==",
      "license": "MIT",
      "dependencies": {
        "mgrs": "1.0.0",
        "wkt-parser": "^1.5.1"
      },
      "funding": {
        "url": "https://github.com/sponsors/ahocevar"
      }
    },
    "node_modules/wkt-parser": {
      "version": "1.5.2",
      "resolved": "https://registry.npmjs.org/wkt-parser/-/wkt-parser-1.5.2.tgz",
      "integrity": "sha512-1ZUiV1FTwSiSrgWzV9KXJuOF2BVW91KY/mau04BhnmgOdroRQea7Q0s5TVqwGLm0D2tZwObd/tBYXW49sSxp3Q==",
      "license": "MIT"
    }
  }
}
